{
    "_readme": [
        "This file locks the dependencies of your project to a known state",
        "Read more about it at https://getcomposer.org/doc/01-basic-usage.md#composer-lock-the-lock-file",
        "This file is @generated automatically"
    ],
    "hash": "bf72756551d5655b9409c4c66c15b5a5",
    "content-hash": "d6aa638d1ce3647da19fb702d7cadc17",
    "packages": [
        {
            "name": "pear-pear.php.net/Config",
            "version": "1.10.12",
            "dist": {
                "type": "file",
                "url": "https://pear.php.net/get/Config-1.10.12.tgz",
                "reference": null,
                "shasum": null
            },
            "require": {
                "php": ">=4.3.0.0"
            },
            "replace": {
                "pear-pear/config": "== 1.10.12.0"
            },
            "type": "pear-library",
            "autoload": {
                "classmap": [
                    ""
                ]
            },
            "include-path": [
                "/"
            ],
            "license": [
                "PHP License"
            ],
            "description": "The Config package provides methods for configuration manipulation.\n* Creates configurations from scratch\n* Parses and outputs different formats (XML, PHP, INI, Apache...)\n* Edits existing configurations\n* Converts configurations to other formats\n* Allows manipulation of sections, comments, directives...\n* Parses configurations into a tree structure\n* Provides XPath like access to directives"
        }
    ],
    "packages-dev": [],
    "aliases": [],
    "minimum-stability": "stable",
    "stability-flags": [],
    "prefer-stable": false,
    "prefer-lowest": false,
    "platform": [],
    "platform-dev": []
}
